
Microsoft Visual Studio Solution File, Format Version 12.00
# Visual Studio Version 17
VisualStudioVersion = 17.5.001.0
MinimumVisualStudioVersion = 10.0.40219.1
Project("{9A19103F-16F7-4668-BE54-9A1E7A4F7556}") = "1-0", "1-0\1-0.csproj", "{96821930-659F-4C3E-8D7B-7FEA0A266CE3}"
EndProject
Project("{9A19103F-16F7-4668-BE54-9A1E7A4F7556}") = "1-1", "1-1\1-1.csproj", "{73A2D51D-2CF8-437C-88A6-3EA608109409}"
EndProject
Project("{9A19103F-16F7-4668-BE54-9A1E7A4F7556}") = "1-3", "1-3\1-3.csproj", "{2A7100A3-5CD7-4D96-94E3-5C1196231498}"
EndProject
Project("{9A19103F-16F7-4668-BE54-9A1E7A4F7556}") = "1-5", "1-5\1-5.csproj", "{D592EE84-9DAE-49DD-910F-14C818D9B81D}"
EndProject
Project("{2150E333-8FDC-42A3-9474-1A3956D46DE8}") = "HomeWork", "HomeWork", "{92B3CB2B-C265-4DDD-98B5-F6E9DFCF9710}"
EndProject
Project("{9A19103F-16F7-4668-BE54-9A1E7A4F7556}") = "1-1", "HomeWork\1-1\1-1.csproj", "{B175DF99-4B84-4A81-A94D-8F5CE3029454}"
EndProject
Project("{9A19103F-16F7-4668-BE54-9A1E7A4F7556}") = "1-2", "HomeWork\1-2\1-2.csproj", "{8A2F360A-1ECA-4B0B-86F6-EA06F757AF52}"
EndProject
Project("{9A19103F-16F7-4668-BE54-9A1E7A4F7556}") = "1-3", "HomeWork\1-3\1-3.csproj", "{5C318C1B-C24E-45BB-8628-556CE3C1B6B3}"
EndProject
Project("{9A19103F-16F7-4668-BE54-9A1E7A4F7556}") = "1-4", "HomeWork\1-4\1-4.csproj", "{B45B1794-8F62-477E-955B-499E31B9EB99}"
EndProject
Global
	GlobalSection(SolutionConfigurationPlatforms) = preSolution
		Debug|Any CPU = Debug|Any CPU
		Release|Any CPU = Release|Any CPU
	EndGlobalSection
	GlobalSection(ProjectConfigurationPlatforms) = postSolution
		{96821930-659F-4C3E-8D7B-7FEA0A266CE3}.Debug|Any CPU.ActiveCfg = Debug|Any CPU
		{96821930-659F-4C3E-8D7B-7FEA0A266CE3}.Debug|Any CPU.Build.0 = Debug|Any CPU
		{96821930-659F-4C3E-8D7B-7FEA0A266CE3}.Release|Any CPU.ActiveCfg = Release|Any CPU
		{96821930-659F-4C3E-8D7B-7FEA0A266CE3}.Release|Any CPU.Build.0 = Release|Any CPU
		{73A2D51D-2CF8-437C-88A6-3EA608109409}.Debug|Any CPU.ActiveCfg = Debug|Any CPU
		{73A2D51D-2CF8-437C-88A6-3EA608109409}.Debug|Any CPU.Build.0 = Debug|Any CPU
		{73A2D51D-2CF8-437C-88A6-3EA608109409}.Release|Any CPU.ActiveCfg = Release|Any CPU
		{73A2D51D-2CF8-437C-88A6-3EA608109409}.Release|Any CPU.Build.0 = Release|Any CPU
		{2A7100A3-5CD7-4D96-94E3-5C1196231498}.Debug|Any CPU.ActiveCfg = Debug|Any CPU
		{2A7100A3-5CD7-4D96-94E3-5C1196231498}.Debug|Any CPU.Build.0 = Debug|Any CPU
		{2A7100A3-5CD7-4D96-94E3-5C1196231498}.Release|Any CPU.ActiveCfg = Release|Any CPU
		{2A7100A3-5CD7-4D96-94E3-5C1196231498}.Release|Any CPU.Build.0 = Release|Any CPU
		{D592EE84-9DAE-49DD-910F-14C818D9B81D}.Debug|Any CPU.ActiveCfg = Debug|Any CPU
		{D592EE84-9DAE-49DD-910F-14C818D9B81D}.Debug|Any CPU.Build.0 = Debug|Any CPU
		{D592EE84-9DAE-49DD-910F-14C818D9B81D}.Release|Any CPU.ActiveCfg = Release|Any CPU
		{D592EE84-9DAE-49DD-910F-14C818D9B81D}.Release|Any CPU.Build.0 = Release|Any CPU
		{B175DF99-4B84-4A81-A94D-8F5CE3029454}.Debug|Any CPU.ActiveCfg = Debug|Any CPU
		{B175DF99-4B84-4A81-A94D-8F5CE3029454}.Debug|Any CPU.Build.0 = Debug|Any CPU
		{B175DF99-4B84-4A81-A94D-8F5CE3029454}.Release|Any CPU.ActiveCfg = Release|Any CPU
		{B175DF99-4B84-4A81-A94D-8F5CE3029454}.Release|Any CPU.Build.0 = Release|Any CPU
		{8A2F360A-1ECA-4B0B-86F6-EA06F757AF52}.Debug|Any CPU.ActiveCfg = Debug|Any CPU
		{8A2F360A-1ECA-4B0B-86F6-EA06F757AF52}.Debug|Any CPU.Build.0 = Debug|Any CPU
		{8A2F360A-1ECA-4B0B-86F6-EA06F757AF52}.Release|Any CPU.ActiveCfg = Release|Any CPU
		{8A2F360A-1ECA-4B0B-86F6-EA06F757AF52}.Release|Any CPU.Build.0 = Release|Any CPU
		{5C318C1B-C24E-45BB-8628-556CE3C1B6B3}.Debug|Any CPU.ActiveCfg = Debug|Any CPU
		{5C318C1B-C24E-45BB-8628-556CE3C1B6B3}.Debug|Any CPU.Build.0 = Debug|Any CPU
		{5C318C1B-C24E-45BB-8628-556CE3C1B6B3}.Release|Any CPU.ActiveCfg = Release|Any CPU
		{5C318C1B-C24E-45BB-8628-556CE3C1B6B3}.Release|Any CPU.Build.0 = Release|Any CPU
		{B45B1794-8F62-477E-955B-499E31B9EB99}.Debug|Any CPU.ActiveCfg = Debug|Any CPU
		{B45B1794-8F62-477E-955B-499E31B9EB99}.Debug|Any CPU.Build.0 = Debug|Any CPU
		{B45B1794-8F62-477E-955B-499E31B9EB99}.Release|Any CPU.ActiveCfg = Release|Any CPU
		{B45B1794-8F62-477E-955B-499E31B9EB99}.Release|Any CPU.Build.0 = Release|Any CPU
	EndGlobalSection
	GlobalSection(SolutionProperties) = preSolution
		HideSolutionNode = FALSE
	EndGlobalSection
	GlobalSection(NestedProjects) = preSolution
		{B175DF99-4B84-4A81-A94D-8F5CE3029454} = {92B3CB2B-C265-4DDD-98B5-F6E9DFCF9710}
		{8A2F360A-1ECA-4B0B-86F6-EA06F757AF52} = {92B3CB2B-C265-4DDD-98B5-F6E9DFCF9710}
		{5C318C1B-C24E-45BB-8628-556CE3C1B6B3} = {92B3CB2B-C265-4DDD-98B5-F6E9DFCF9710}
		{B45B1794-8F62-477E-955B-499E31B9EB99} = {92B3CB2B-C265-4DDD-98B5-F6E9DFCF9710}
	EndGlobalSection
	GlobalSection(ExtensibilityGlobals) = postSolution
		SolutionGuid = {FCAA0B04-F129-475A-B160-06A6CE3486E8}
	EndGlobalSection
EndGlobal
